
Microsoft Visual Studio Solution File, Format Version 12.00
# Visual Studio 15
VisualStudioVersion = 15.0.27428.2011
MinimumVisualStudioVersion = 10.0.40219.1
Project("{8BC9CEB8-8B4A-11D0-8D11-00A0C91BC942}") = "Shapes", "Shapes\Shapes.vcxproj", "{63025A52-3D50-4D36-BEFE-0D2A0AC41D9D}"
EndProject
Global
	GlobalSection(SolutionConfigurationPlatforms) = preSolution
		Debug|x64 = Debug|x64
		Debug|x86 = Debug|x86
		Release|x64 = Release|x64
		Release|x86 = Release|x86
	EndGlobalSection
	GlobalSection(ProjectConfigurationPlatforms) = postSolution
		{63025A52-3D50-4D36-BEFE-0D2A0AC41D9D}.Debug|x64.ActiveCfg = Debug|x64
		{63025A52-3D50-4D36-BEFE-0D2A0AC41D9D}.Debug|x64.Build.0 = Debug|x64
		{63025A52-3D50-4D36-BEFE-0D2A0AC41D9D}.Debug|x86.ActiveCfg = Debug|Win32
		{63025A52-3D50-4D36-BEFE-0D2A0AC41D9D}.Debug|x86.Build.0 = Debug|Win32
		{63025A52-3D50-4D36-BEFE-0D2A0AC41D9D}.Release|x64.ActiveCfg = Release|x64
		{63025A52-3D50-4D36-BEFE-0D2A0AC41D9D}.Release|x64.Build.0 = Release|x64
		{63025A52-3D50-4D36-BEFE-0D2A0AC41D9D}.Release|x86.ActiveCfg = Release|Win32
		{63025A52-3D50-4D36-BEFE-0D2A0AC41D9D}.Release|x86.Build.0 = Release|Win32
	EndGlobalSection
	GlobalSection(SolutionProperties) = preSolution
		HideSolutionNode = FALSE
	EndGlobalSection
	GlobalSection(ExtensibilityGlobals) = postSolution
		SolutionGuid = {17266463-912C-4C65-8A24-635CFC0A4E8D}
	EndGlobalSection
EndGlobal
